
Microsoft Visual Studio Solution File, Format Version 12.00
# Visual Studio 15
VisualStudioVersion = 15.0.28307.421
MinimumVisualStudioVersion = 10.0.40219.1
Project("{FAE04EC0-301F-11D3-BF4B-00C04F79EFBC}") = "P03_SalesDatabase", "P03_SalesDatabase\P03_SalesDatabase.csproj", "{E7CE1149-6D4D-4879-B73D-C2B33DE64F4A}"
EndProject
Project("{FAE04EC0-301F-11D3-BF4B-00C04F79EFBC}") = "P03_SalesDatabase.Data", "P03_SalesDatabase.Data\P03_SalesDatabase.Data.csproj", "{37CCA1C1-0133-48B4-9B2F-F6A3F4B1EA33}"
EndProject
Project("{FAE04EC0-301F-11D3-BF4B-00C04F79EFBC}") = "P03_SalesDatabase.Data.Models", "P03_SalesDatabase.Data.Models\P03_SalesDatabase.Data.Models.csproj", "{CB323A8C-4229-46CB-B618-1C8DC7790C9D}"
EndProject
Global
	GlobalSection(SolutionConfigurationPlatforms) = preSolution
		Debug|Any CPU = Debug|Any CPU
		Release|Any CPU = Release|Any CPU
	EndGlobalSection
	GlobalSection(ProjectConfigurationPlatforms) = postSolution
		{E7CE1149-6D4D-4879-B73D-C2B33DE64F4A}.Debug|Any CPU.ActiveCfg = Debug|Any CPU
		{E7CE1149-6D4D-4879-B73D-C2B33DE64F4A}.Debug|Any CPU.Build.0 = Debug|Any CPU
		{E7CE1149-6D4D-4879-B73D-C2B33DE64F4A}.Release|Any CPU.ActiveCfg = Release|Any CPU
		{E7CE1149-6D4D-4879-B73D-C2B33DE64F4A}.Release|Any CPU.Build.0 = Release|Any CPU
		{37CCA1C1-0133-48B4-9B2F-F6A3F4B1EA33}.Debug|Any CPU.ActiveCfg = Debug|Any CPU
		{37CCA1C1-0133-48B4-9B2F-F6A3F4B1EA33}.Debug|Any CPU.Build.0 = Debug|Any CPU
		{37CCA1C1-0133-48B4-9B2F-F6A3F4B1EA33}.Release|Any CPU.ActiveCfg = Release|Any CPU
		{37CCA1C1-0133-48B4-9B2F-F6A3F4B1EA33}.Release|Any CPU.Build.0 = Release|Any CPU
		{CB323A8C-4229-46CB-B618-1C8DC7790C9D}.Debug|Any CPU.ActiveCfg = Debug|Any CPU
		{CB323A8C-4229-46CB-B618-1C8DC7790C9D}.Debug|Any CPU.Build.0 = Debug|Any CPU
		{CB323A8C-4229-46CB-B618-1C8DC7790C9D}.Release|Any CPU.ActiveCfg = Release|Any CPU
		{CB323A8C-4229-46CB-B618-1C8DC7790C9D}.Release|Any CPU.Build.0 = Release|Any CPU
	EndGlobalSection
	GlobalSection(SolutionProperties) = preSolution
		HideSolutionNode = FALSE
	EndGlobalSection
	GlobalSection(ExtensibilityGlobals) = postSolution
		SolutionGuid = {0DAFF5A5-03FE-4337-9C41-92AADDFA4FE4}
	EndGlobalSection
EndGlobal
