
Microsoft Visual Studio Solution File, Format Version 12.00
# Visual Studio 15
VisualStudioVersion = 15.0.26430.16
MinimumVisualStudioVersion = 10.0.40219.1
Project("{FAE04EC0-301F-11D3-BF4B-00C04F79EFBC}") = "01-DayOfWeek", "01-DayOfWeek\01-DayOfWeek.csproj", "{670885FD-D71D-4470-BD6C-0D8DF441631D}"
EndProject
Project("{FAE04EC0-301F-11D3-BF4B-00C04F79EFBC}") = "02-ReverseArrayOfIntegers", "02-ReverseArrayOfIntegers\02-ReverseArrayOfIntegers.csproj", "{A8F17C6C-BE79-4A28-A5F2-B40D09F34EDA}"
EndProject
Project("{FAE04EC0-301F-11D3-BF4B-00C04F79EFBC}") = "03-LastKNumbersSums", "03-LastKNumbersSums\03-LastKNumbersSums.csproj", "{A4082B89-912C-40F8-A11B-02282FFFE714}"
EndProject
Project("{FAE04EC0-301F-11D3-BF4B-00C04F79EFBC}") = "04-TripleSum", "04-TripleSum\04-TripleSum.csproj", "{925E348E-A454-4A50-977F-A4A2101A06AE}"
EndProject
Project("{FAE04EC0-301F-11D3-BF4B-00C04F79EFBC}") = "05-RoundingNumbers", "05-RoundingNumbers\05-RoundingNumbers.csproj", "{BE38E4FF-290C-4937-90B1-7D91C15FB8B2}"
EndProject
Project("{FAE04EC0-301F-11D3-BF4B-00C04F79EFBC}") = "06-ReverseArrayOfStrings", "06-ReverseArrayOfStrings\06-ReverseArrayOfStrings.csproj", "{F5E05E04-C367-4709-AC34-CD3AB37C0219}"
EndProject
Project("{FAE04EC0-301F-11D3-BF4B-00C04F79EFBC}") = "07-SumArrays", "07-SumArrays\07-SumArrays.csproj", "{B43BD357-1E90-48F6-A0AB-D5FBF74DA741}"
EndProject
Project("{FAE04EC0-301F-11D3-BF4B-00C04F79EFBC}") = "08-CondenseArrayToNumber", "08-CondenseArrayToNumber\08-CondenseArrayToNumber.csproj", "{7FE80BD7-AE5C-4247-8863-49279ED7EC84}"
EndProject
Project("{FAE04EC0-301F-11D3-BF4B-00C04F79EFBC}") = "09-ExtractMiddleElements", "09-ExtractMiddleElements\09-ExtractMiddleElements.csproj", "{9AB9C880-1E22-45D5-844A-6A527E01C643}"
EndProject
Global
	GlobalSection(SolutionConfigurationPlatforms) = preSolution
		Debug|Any CPU = Debug|Any CPU
		Release|Any CPU = Release|Any CPU
	EndGlobalSection
	GlobalSection(ProjectConfigurationPlatforms) = postSolution
		{670885FD-D71D-4470-BD6C-0D8DF441631D}.Debug|Any CPU.ActiveCfg = Debug|Any CPU
		{670885FD-D71D-4470-BD6C-0D8DF441631D}.Debug|Any CPU.Build.0 = Debug|Any CPU
		{670885FD-D71D-4470-BD6C-0D8DF441631D}.Release|Any CPU.ActiveCfg = Release|Any CPU
		{670885FD-D71D-4470-BD6C-0D8DF441631D}.Release|Any CPU.Build.0 = Release|Any CPU
		{A8F17C6C-BE79-4A28-A5F2-B40D09F34EDA}.Debug|Any CPU.ActiveCfg = Debug|Any CPU
		{A8F17C6C-BE79-4A28-A5F2-B40D09F34EDA}.Debug|Any CPU.Build.0 = Debug|Any CPU
		{A8F17C6C-BE79-4A28-A5F2-B40D09F34EDA}.Release|Any CPU.ActiveCfg = Release|Any CPU
		{A8F17C6C-BE79-4A28-A5F2-B40D09F34EDA}.Release|Any CPU.Build.0 = Release|Any CPU
		{A4082B89-912C-40F8-A11B-02282FFFE714}.Debug|Any CPU.ActiveCfg = Debug|Any CPU
		{A4082B89-912C-40F8-A11B-02282FFFE714}.Debug|Any CPU.Build.0 = Debug|Any CPU
		{A4082B89-912C-40F8-A11B-02282FFFE714}.Release|Any CPU.ActiveCfg = Release|Any CPU
		{A4082B89-912C-40F8-A11B-02282FFFE714}.Release|Any CPU.Build.0 = Release|Any CPU
		{925E348E-A454-4A50-977F-A4A2101A06AE}.Debug|Any CPU.ActiveCfg = Debug|Any CPU
		{925E348E-A454-4A50-977F-A4A2101A06AE}.Debug|Any CPU.Build.0 = Debug|Any CPU
		{925E348E-A454-4A50-977F-A4A2101A06AE}.Release|Any CPU.ActiveCfg = Release|Any CPU
		{925E348E-A454-4A50-977F-A4A2101A06AE}.Release|Any CPU.Build.0 = Release|Any CPU
		{BE38E4FF-290C-4937-90B1-7D91C15FB8B2}.Debug|Any CPU.ActiveCfg = Debug|Any CPU
		{BE38E4FF-290C-4937-90B1-7D91C15FB8B2}.Debug|Any CPU.Build.0 = Debug|Any CPU
		{BE38E4FF-290C-4937-90B1-7D91C15FB8B2}.Release|Any CPU.ActiveCfg = Release|Any CPU
		{BE38E4FF-290C-4937-90B1-7D91C15FB8B2}.Release|Any CPU.Build.0 = Release|Any CPU
		{F5E05E04-C367-4709-AC34-CD3AB37C0219}.Debug|Any CPU.ActiveCfg = Debug|Any CPU
		{F5E05E04-C367-4709-AC34-CD3AB37C0219}.Debug|Any CPU.Build.0 = Debug|Any CPU
		{F5E05E04-C367-4709-AC34-CD3AB37C0219}.Release|Any CPU.ActiveCfg = Release|Any CPU
		{F5E05E04-C367-4709-AC34-CD3AB37C0219}.Release|Any CPU.Build.0 = Release|Any CPU
		{B43BD357-1E90-48F6-A0AB-D5FBF74DA741}.Debug|Any CPU.ActiveCfg = Debug|Any CPU
		{B43BD357-1E90-48F6-A0AB-D5FBF74DA741}.Debug|Any CPU.Build.0 = Debug|Any CPU
		{B43BD357-1E90-48F6-A0AB-D5FBF74DA741}.Release|Any CPU.ActiveCfg = Release|Any CPU
		{B43BD357-1E90-48F6-A0AB-D5FBF74DA741}.Release|Any CPU.Build.0 = Release|Any CPU
		{7FE80BD7-AE5C-4247-8863-49279ED7EC84}.Debug|Any CPU.ActiveCfg = Debug|Any CPU
		{7FE80BD7-AE5C-4247-8863-49279ED7EC84}.Debug|Any CPU.Build.0 = Debug|Any CPU
		{7FE80BD7-AE5C-4247-8863-49279ED7EC84}.Release|Any CPU.ActiveCfg = Release|Any CPU
		{7FE80BD7-AE5C-4247-8863-49279ED7EC84}.Release|Any CPU.Build.0 = Release|Any CPU
		{9AB9C880-1E22-45D5-844A-6A527E01C643}.Debug|Any CPU.ActiveCfg = Debug|Any CPU
		{9AB9C880-1E22-45D5-844A-6A527E01C643}.Debug|Any CPU.Build.0 = Debug|Any CPU
		{9AB9C880-1E22-45D5-844A-6A527E01C643}.Release|Any CPU.ActiveCfg = Release|Any CPU
		{9AB9C880-1E22-45D5-844A-6A527E01C643}.Release|Any CPU.Build.0 = Release|Any CPU
	EndGlobalSection
	GlobalSection(SolutionProperties) = preSolution
		HideSolutionNode = FALSE
	EndGlobalSection
EndGlobal
