
Microsoft Visual Studio Solution File, Format Version 12.00
# Visual Studio 15
VisualStudioVersion = 15.0.28307.106
MinimumVisualStudioVersion = 10.0.40219.1
Project("{9A19103F-16F7-4668-BE54-9A1E7A4F7556}") = "01-GenericBoxOfString", "01-GenericBoxOfString\01-GenericBoxOfString.csproj", "{330115CE-8BD9-4035-9443-FFE47451ED40}"
EndProject
Project("{9A19103F-16F7-4668-BE54-9A1E7A4F7556}") = "02-GenericBoxOfInteger", "02-GenericBoxOfInteger\02-GenericBoxOfInteger.csproj", "{B308C635-A5EE-45C7-8D33-5F30757EA44D}"
EndProject
Project("{9A19103F-16F7-4668-BE54-9A1E7A4F7556}") = "03-GenericSwapMethodString", "03-GenericSwapMethodString\03-GenericSwapMethodString.csproj", "{A21C2B54-9F76-4A74-ADE4-2AE9E83F0DC3}"
EndProject
Project("{9A19103F-16F7-4668-BE54-9A1E7A4F7556}") = "04-GenericSwapMethodInteger", "04-GenericSwapMethodInteger\04-GenericSwapMethodInteger.csproj", "{1FCAB752-8BD9-4298-8345-78EE081FEDB2}"
EndProject
Project("{9A19103F-16F7-4668-BE54-9A1E7A4F7556}") = "05-GenericCountMethodString", "05-GenericCountMethodString\05-GenericCountMethodString.csproj", "{EAB6824E-7050-49EF-A551-49734869FEAE}"
EndProject
Project("{9A19103F-16F7-4668-BE54-9A1E7A4F7556}") = "06-GenericCountMethodDouble", "06-GenericCountMethodDouble\06-GenericCountMethodDouble.csproj", "{88E29CD0-E2A1-49CD-93FF-762DBCC00573}"
EndProject
Project("{FAE04EC0-301F-11D3-BF4B-00C04F79EFBC}") = "07-CustomList", "07-CustomList\07-CustomList.csproj", "{8C163CDB-AF3B-4046-96DC-A11F71B7F3A3}"
EndProject
Project("{FAE04EC0-301F-11D3-BF4B-00C04F79EFBC}") = "10-Tuple", "10-Tuple\10-Tuple.csproj", "{D581B619-0B56-45EA-B96E-4A961C11B446}"
EndProject
Project("{FAE04EC0-301F-11D3-BF4B-00C04F79EFBC}") = "11-Threeuple", "11-Threeuple\11-Threeuple.csproj", "{EE598E4E-3073-46AA-AEDF-507296B9E5D8}"
EndProject
Global
	GlobalSection(SolutionConfigurationPlatforms) = preSolution
		Debug|Any CPU = Debug|Any CPU
		Release|Any CPU = Release|Any CPU
	EndGlobalSection
	GlobalSection(ProjectConfigurationPlatforms) = postSolution
		{330115CE-8BD9-4035-9443-FFE47451ED40}.Debug|Any CPU.ActiveCfg = Debug|Any CPU
		{330115CE-8BD9-4035-9443-FFE47451ED40}.Debug|Any CPU.Build.0 = Debug|Any CPU
		{330115CE-8BD9-4035-9443-FFE47451ED40}.Release|Any CPU.ActiveCfg = Release|Any CPU
		{330115CE-8BD9-4035-9443-FFE47451ED40}.Release|Any CPU.Build.0 = Release|Any CPU
		{B308C635-A5EE-45C7-8D33-5F30757EA44D}.Debug|Any CPU.ActiveCfg = Debug|Any CPU
		{B308C635-A5EE-45C7-8D33-5F30757EA44D}.Debug|Any CPU.Build.0 = Debug|Any CPU
		{B308C635-A5EE-45C7-8D33-5F30757EA44D}.Release|Any CPU.ActiveCfg = Release|Any CPU
		{B308C635-A5EE-45C7-8D33-5F30757EA44D}.Release|Any CPU.Build.0 = Release|Any CPU
		{A21C2B54-9F76-4A74-ADE4-2AE9E83F0DC3}.Debug|Any CPU.ActiveCfg = Debug|Any CPU
		{A21C2B54-9F76-4A74-ADE4-2AE9E83F0DC3}.Debug|Any CPU.Build.0 = Debug|Any CPU
		{A21C2B54-9F76-4A74-ADE4-2AE9E83F0DC3}.Release|Any CPU.ActiveCfg = Release|Any CPU
		{A21C2B54-9F76-4A74-ADE4-2AE9E83F0DC3}.Release|Any CPU.Build.0 = Release|Any CPU
		{1FCAB752-8BD9-4298-8345-78EE081FEDB2}.Debug|Any CPU.ActiveCfg = Debug|Any CPU
		{1FCAB752-8BD9-4298-8345-78EE081FEDB2}.Debug|Any CPU.Build.0 = Debug|Any CPU
		{1FCAB752-8BD9-4298-8345-78EE081FEDB2}.Release|Any CPU.ActiveCfg = Release|Any CPU
		{1FCAB752-8BD9-4298-8345-78EE081FEDB2}.Release|Any CPU.Build.0 = Release|Any CPU
		{EAB6824E-7050-49EF-A551-49734869FEAE}.Debug|Any CPU.ActiveCfg = Debug|Any CPU
		{EAB6824E-7050-49EF-A551-49734869FEAE}.Debug|Any CPU.Build.0 = Debug|Any CPU
		{EAB6824E-7050-49EF-A551-49734869FEAE}.Release|Any CPU.ActiveCfg = Release|Any CPU
		{EAB6824E-7050-49EF-A551-49734869FEAE}.Release|Any CPU.Build.0 = Release|Any CPU
		{88E29CD0-E2A1-49CD-93FF-762DBCC00573}.Debug|Any CPU.ActiveCfg = Debug|Any CPU
		{88E29CD0-E2A1-49CD-93FF-762DBCC00573}.Debug|Any CPU.Build.0 = Debug|Any CPU
		{88E29CD0-E2A1-49CD-93FF-762DBCC00573}.Release|Any CPU.ActiveCfg = Release|Any CPU
		{88E29CD0-E2A1-49CD-93FF-762DBCC00573}.Release|Any CPU.Build.0 = Release|Any CPU
		{8C163CDB-AF3B-4046-96DC-A11F71B7F3A3}.Debug|Any CPU.ActiveCfg = Debug|Any CPU
		{8C163CDB-AF3B-4046-96DC-A11F71B7F3A3}.Debug|Any CPU.Build.0 = Debug|Any CPU
		{8C163CDB-AF3B-4046-96DC-A11F71B7F3A3}.Release|Any CPU.ActiveCfg = Release|Any CPU
		{8C163CDB-AF3B-4046-96DC-A11F71B7F3A3}.Release|Any CPU.Build.0 = Release|Any CPU
		{D581B619-0B56-45EA-B96E-4A961C11B446}.Debug|Any CPU.ActiveCfg = Debug|Any CPU
		{D581B619-0B56-45EA-B96E-4A961C11B446}.Debug|Any CPU.Build.0 = Debug|Any CPU
		{D581B619-0B56-45EA-B96E-4A961C11B446}.Release|Any CPU.ActiveCfg = Release|Any CPU
		{D581B619-0B56-45EA-B96E-4A961C11B446}.Release|Any CPU.Build.0 = Release|Any CPU
		{EE598E4E-3073-46AA-AEDF-507296B9E5D8}.Debug|Any CPU.ActiveCfg = Debug|Any CPU
		{EE598E4E-3073-46AA-AEDF-507296B9E5D8}.Debug|Any CPU.Build.0 = Debug|Any CPU
		{EE598E4E-3073-46AA-AEDF-507296B9E5D8}.Release|Any CPU.ActiveCfg = Release|Any CPU
		{EE598E4E-3073-46AA-AEDF-507296B9E5D8}.Release|Any CPU.Build.0 = Release|Any CPU
	EndGlobalSection
	GlobalSection(SolutionProperties) = preSolution
		HideSolutionNode = FALSE
	EndGlobalSection
	GlobalSection(ExtensibilityGlobals) = postSolution
		SolutionGuid = {53933CA8-2D00-4B11-89D4-BB007444F997}
	EndGlobalSection
EndGlobal
