
Microsoft Visual Studio Solution File, Format Version 12.00
# Visual Studio 15
VisualStudioVersion = 15.0.27428.2037
MinimumVisualStudioVersion = 10.0.40219.1
Project("{FAE04EC0-301F-11D3-BF4B-00C04F79EFBC}") = "LabCS", "LabCS\LabCS.csproj", "{CBCDB897-4C20-42D5-A49A-9CF9E0CFE6F0}"
EndProject
Global
	GlobalSection(SolutionConfigurationPlatforms) = preSolution
		Debug|Any CPU = Debug|Any CPU
		Release|Any CPU = Release|Any CPU
	EndGlobalSection
	GlobalSection(ProjectConfigurationPlatforms) = postSolution
		{CBCDB897-4C20-42D5-A49A-9CF9E0CFE6F0}.Debug|Any CPU.ActiveCfg = Debug|Any CPU
		{CBCDB897-4C20-42D5-A49A-9CF9E0CFE6F0}.Debug|Any CPU.Build.0 = Debug|Any CPU
		{CBCDB897-4C20-42D5-A49A-9CF9E0CFE6F0}.Release|Any CPU.ActiveCfg = Release|Any CPU
		{CBCDB897-4C20-42D5-A49A-9CF9E0CFE6F0}.Release|Any CPU.Build.0 = Release|Any CPU
	EndGlobalSection
	GlobalSection(SolutionProperties) = preSolution
		HideSolutionNode = FALSE
	EndGlobalSection
	GlobalSection(ExtensibilityGlobals) = postSolution
		SolutionGuid = {3464CE59-9659-48AF-B9EB-70772189B3AE}
	EndGlobalSection
EndGlobal
