
Microsoft Visual Studio Solution File, Format Version 12.00
# Visual Studio 15
VisualStudioVersion = 15.0.28307.421
MinimumVisualStudioVersion = 10.0.40219.1
Project("{FAE04EC0-301F-11D3-BF4B-00C04F79EFBC}") = "BillsPaymentSystem.App", "BillsPaymentSystem.App\BillsPaymentSystem.App.csproj", "{EE7FC882-51B1-468B-B459-DE39297AED0F}"
EndProject
Project("{FAE04EC0-301F-11D3-BF4B-00C04F79EFBC}") = "BillsPaymentSystem.Data", "BillsPaymentSystem.Data\BillsPaymentSystem.Data.csproj", "{07B3DE55-CE55-4876-98F8-1DA92241D19C}"
EndProject
Project("{FAE04EC0-301F-11D3-BF4B-00C04F79EFBC}") = "BillsPaymentSystem.Models", "BillsPaymentSystem.Models\BillsPaymentSystem.Models.csproj", "{865DBE76-8B6A-449F-BBED-72B66CFD5001}"
EndProject
Global
	GlobalSection(SolutionConfigurationPlatforms) = preSolution
		Debug|Any CPU = Debug|Any CPU
		Release|Any CPU = Release|Any CPU
	EndGlobalSection
	GlobalSection(ProjectConfigurationPlatforms) = postSolution
		{EE7FC882-51B1-468B-B459-DE39297AED0F}.Debug|Any CPU.ActiveCfg = Debug|Any CPU
		{EE7FC882-51B1-468B-B459-DE39297AED0F}.Debug|Any CPU.Build.0 = Debug|Any CPU
		{EE7FC882-51B1-468B-B459-DE39297AED0F}.Release|Any CPU.ActiveCfg = Release|Any CPU
		{EE7FC882-51B1-468B-B459-DE39297AED0F}.Release|Any CPU.Build.0 = Release|Any CPU
		{07B3DE55-CE55-4876-98F8-1DA92241D19C}.Debug|Any CPU.ActiveCfg = Debug|Any CPU
		{07B3DE55-CE55-4876-98F8-1DA92241D19C}.Debug|Any CPU.Build.0 = Debug|Any CPU
		{07B3DE55-CE55-4876-98F8-1DA92241D19C}.Release|Any CPU.ActiveCfg = Release|Any CPU
		{07B3DE55-CE55-4876-98F8-1DA92241D19C}.Release|Any CPU.Build.0 = Release|Any CPU
		{865DBE76-8B6A-449F-BBED-72B66CFD5001}.Debug|Any CPU.ActiveCfg = Debug|Any CPU
		{865DBE76-8B6A-449F-BBED-72B66CFD5001}.Debug|Any CPU.Build.0 = Debug|Any CPU
		{865DBE76-8B6A-449F-BBED-72B66CFD5001}.Release|Any CPU.ActiveCfg = Release|Any CPU
		{865DBE76-8B6A-449F-BBED-72B66CFD5001}.Release|Any CPU.Build.0 = Release|Any CPU
	EndGlobalSection
	GlobalSection(SolutionProperties) = preSolution
		HideSolutionNode = FALSE
	EndGlobalSection
	GlobalSection(ExtensibilityGlobals) = postSolution
		SolutionGuid = {D764C52C-5F41-4616-846E-380D820C9CD6}
	EndGlobalSection
EndGlobal
