
Microsoft Visual Studio Solution File, Format Version 12.00
# Visual Studio 15
VisualStudioVersion = 15.0.26430.16
MinimumVisualStudioVersion = 10.0.40219.1
Project("{FAE04EC0-301F-11D3-BF4B-00C04F79EFBC}") = "01-TailoringWorkshop", "01-TailoringWorkshop\01-TailoringWorkshop.csproj", "{92EDD429-97DA-4C02-B6A6-4744E7DFA80D}"
EndProject
Project("{FAE04EC0-301F-11D3-BF4B-00C04F79EFBC}") = "06-Profit", "06-Profit\06-Profit.csproj", "{661ACC0B-D541-4686-A1D4-A5E1D964CB5D}"
EndProject
Project("{FAE04EC0-301F-11D3-BF4B-00C04F79EFBC}") = "02-Scholarship", "02-Scholarship\02-Scholarship.csproj", "{10629337-D3D5-4817-A2DE-A3998FBC0A80}"
EndProject
Project("{FAE04EC0-301F-11D3-BF4B-00C04F79EFBC}") = "03-PhotoPictures", "03-PhotoPictures\03-PhotoPictures.csproj", "{C34AB3E1-8E5D-4B95-8E5B-CE99567661FA}"
EndProject
Project("{FAE04EC0-301F-11D3-BF4B-00C04F79EFBC}") = "04-Cake", "04-Cake\04-Cake.csproj", "{D9EEACB7-8107-48EA-B06D-7BE4F8B43976}"
EndProject
Project("{FAE04EC0-301F-11D3-BF4B-00C04F79EFBC}") = "05-Snowflake", "05-Snowflake\05-Snowflake.csproj", "{5DCB3BFD-9503-4409-8F4A-A4BD78649918}"
EndProject
Global
	GlobalSection(SolutionConfigurationPlatforms) = preSolution
		Debug|Any CPU = Debug|Any CPU
		Release|Any CPU = Release|Any CPU
	EndGlobalSection
	GlobalSection(ProjectConfigurationPlatforms) = postSolution
		{92EDD429-97DA-4C02-B6A6-4744E7DFA80D}.Debug|Any CPU.ActiveCfg = Debug|Any CPU
		{92EDD429-97DA-4C02-B6A6-4744E7DFA80D}.Debug|Any CPU.Build.0 = Debug|Any CPU
		{92EDD429-97DA-4C02-B6A6-4744E7DFA80D}.Release|Any CPU.ActiveCfg = Release|Any CPU
		{92EDD429-97DA-4C02-B6A6-4744E7DFA80D}.Release|Any CPU.Build.0 = Release|Any CPU
		{661ACC0B-D541-4686-A1D4-A5E1D964CB5D}.Debug|Any CPU.ActiveCfg = Debug|Any CPU
		{661ACC0B-D541-4686-A1D4-A5E1D964CB5D}.Debug|Any CPU.Build.0 = Debug|Any CPU
		{661ACC0B-D541-4686-A1D4-A5E1D964CB5D}.Release|Any CPU.ActiveCfg = Release|Any CPU
		{661ACC0B-D541-4686-A1D4-A5E1D964CB5D}.Release|Any CPU.Build.0 = Release|Any CPU
		{10629337-D3D5-4817-A2DE-A3998FBC0A80}.Debug|Any CPU.ActiveCfg = Debug|Any CPU
		{10629337-D3D5-4817-A2DE-A3998FBC0A80}.Debug|Any CPU.Build.0 = Debug|Any CPU
		{10629337-D3D5-4817-A2DE-A3998FBC0A80}.Release|Any CPU.ActiveCfg = Release|Any CPU
		{10629337-D3D5-4817-A2DE-A3998FBC0A80}.Release|Any CPU.Build.0 = Release|Any CPU
		{C34AB3E1-8E5D-4B95-8E5B-CE99567661FA}.Debug|Any CPU.ActiveCfg = Debug|Any CPU
		{C34AB3E1-8E5D-4B95-8E5B-CE99567661FA}.Debug|Any CPU.Build.0 = Debug|Any CPU
		{C34AB3E1-8E5D-4B95-8E5B-CE99567661FA}.Release|Any CPU.ActiveCfg = Release|Any CPU
		{C34AB3E1-8E5D-4B95-8E5B-CE99567661FA}.Release|Any CPU.Build.0 = Release|Any CPU
		{D9EEACB7-8107-48EA-B06D-7BE4F8B43976}.Debug|Any CPU.ActiveCfg = Debug|Any CPU
		{D9EEACB7-8107-48EA-B06D-7BE4F8B43976}.Debug|Any CPU.Build.0 = Debug|Any CPU
		{D9EEACB7-8107-48EA-B06D-7BE4F8B43976}.Release|Any CPU.ActiveCfg = Release|Any CPU
		{D9EEACB7-8107-48EA-B06D-7BE4F8B43976}.Release|Any CPU.Build.0 = Release|Any CPU
		{5DCB3BFD-9503-4409-8F4A-A4BD78649918}.Debug|Any CPU.ActiveCfg = Debug|Any CPU
		{5DCB3BFD-9503-4409-8F4A-A4BD78649918}.Debug|Any CPU.Build.0 = Debug|Any CPU
		{5DCB3BFD-9503-4409-8F4A-A4BD78649918}.Release|Any CPU.ActiveCfg = Release|Any CPU
		{5DCB3BFD-9503-4409-8F4A-A4BD78649918}.Release|Any CPU.Build.0 = Release|Any CPU
	EndGlobalSection
	GlobalSection(SolutionProperties) = preSolution
		HideSolutionNode = FALSE
	EndGlobalSection
EndGlobal
