
Microsoft Visual Studio Solution File, Format Version 12.00
# Visual Studio 15
VisualStudioVersion = 15.0.26430.16
MinimumVisualStudioVersion = 10.0.40219.1
Project("{FAE04EC0-301F-11D3-BF4B-00C04F79EFBC}") = "01", "01\01.csproj", "{5003071E-619F-478A-95EF-03EB33DDAE64}"
EndProject
Project("{FAE04EC0-301F-11D3-BF4B-00C04F79EFBC}") = "02", "02\02.csproj", "{B8FACB56-11B7-47C7-AAE6-7C56D4A66FA5}"
EndProject
Project("{FAE04EC0-301F-11D3-BF4B-00C04F79EFBC}") = "03", "03\03.csproj", "{62C38FAD-D7B1-4EB5-B5A2-FEAD62F37AEC}"
EndProject
Project("{FAE04EC0-301F-11D3-BF4B-00C04F79EFBC}") = "04", "04\04.csproj", "{9A4B8384-1853-4B22-B0AA-B8D61D82099E}"
EndProject
Project("{FAE04EC0-301F-11D3-BF4B-00C04F79EFBC}") = "05", "05\05.csproj", "{9F21AFDB-D45A-48E0-8F99-C553306A35F2}"
EndProject
Project("{FAE04EC0-301F-11D3-BF4B-00C04F79EFBC}") = "06", "06\06.csproj", "{3B98F22C-2CF2-4DD2-A792-7B6E34DB287F}"
EndProject
Global
	GlobalSection(SolutionConfigurationPlatforms) = preSolution
		Debug|Any CPU = Debug|Any CPU
		Release|Any CPU = Release|Any CPU
	EndGlobalSection
	GlobalSection(ProjectConfigurationPlatforms) = postSolution
		{5003071E-619F-478A-95EF-03EB33DDAE64}.Debug|Any CPU.ActiveCfg = Debug|Any CPU
		{5003071E-619F-478A-95EF-03EB33DDAE64}.Debug|Any CPU.Build.0 = Debug|Any CPU
		{5003071E-619F-478A-95EF-03EB33DDAE64}.Release|Any CPU.ActiveCfg = Release|Any CPU
		{5003071E-619F-478A-95EF-03EB33DDAE64}.Release|Any CPU.Build.0 = Release|Any CPU
		{B8FACB56-11B7-47C7-AAE6-7C56D4A66FA5}.Debug|Any CPU.ActiveCfg = Debug|Any CPU
		{B8FACB56-11B7-47C7-AAE6-7C56D4A66FA5}.Debug|Any CPU.Build.0 = Debug|Any CPU
		{B8FACB56-11B7-47C7-AAE6-7C56D4A66FA5}.Release|Any CPU.ActiveCfg = Release|Any CPU
		{B8FACB56-11B7-47C7-AAE6-7C56D4A66FA5}.Release|Any CPU.Build.0 = Release|Any CPU
		{62C38FAD-D7B1-4EB5-B5A2-FEAD62F37AEC}.Debug|Any CPU.ActiveCfg = Debug|Any CPU
		{62C38FAD-D7B1-4EB5-B5A2-FEAD62F37AEC}.Debug|Any CPU.Build.0 = Debug|Any CPU
		{62C38FAD-D7B1-4EB5-B5A2-FEAD62F37AEC}.Release|Any CPU.ActiveCfg = Release|Any CPU
		{62C38FAD-D7B1-4EB5-B5A2-FEAD62F37AEC}.Release|Any CPU.Build.0 = Release|Any CPU
		{9A4B8384-1853-4B22-B0AA-B8D61D82099E}.Debug|Any CPU.ActiveCfg = Debug|Any CPU
		{9A4B8384-1853-4B22-B0AA-B8D61D82099E}.Debug|Any CPU.Build.0 = Debug|Any CPU
		{9A4B8384-1853-4B22-B0AA-B8D61D82099E}.Release|Any CPU.ActiveCfg = Release|Any CPU
		{9A4B8384-1853-4B22-B0AA-B8D61D82099E}.Release|Any CPU.Build.0 = Release|Any CPU
		{9F21AFDB-D45A-48E0-8F99-C553306A35F2}.Debug|Any CPU.ActiveCfg = Debug|Any CPU
		{9F21AFDB-D45A-48E0-8F99-C553306A35F2}.Debug|Any CPU.Build.0 = Debug|Any CPU
		{9F21AFDB-D45A-48E0-8F99-C553306A35F2}.Release|Any CPU.ActiveCfg = Release|Any CPU
		{9F21AFDB-D45A-48E0-8F99-C553306A35F2}.Release|Any CPU.Build.0 = Release|Any CPU
		{3B98F22C-2CF2-4DD2-A792-7B6E34DB287F}.Debug|Any CPU.ActiveCfg = Debug|Any CPU
		{3B98F22C-2CF2-4DD2-A792-7B6E34DB287F}.Debug|Any CPU.Build.0 = Debug|Any CPU
		{3B98F22C-2CF2-4DD2-A792-7B6E34DB287F}.Release|Any CPU.ActiveCfg = Release|Any CPU
		{3B98F22C-2CF2-4DD2-A792-7B6E34DB287F}.Release|Any CPU.Build.0 = Release|Any CPU
	EndGlobalSection
	GlobalSection(SolutionProperties) = preSolution
		HideSolutionNode = FALSE
	EndGlobalSection
EndGlobal
