
Microsoft Visual Studio Solution File, Format Version 12.00
# Visual Studio 15
VisualStudioVersion = 15.0.26430.16
MinimumVisualStudioVersion = 10.0.40219.1
Project("{FAE04EC0-301F-11D3-BF4B-00C04F79EFBC}") = "06-StopNumber", "StopNumber\06-StopNumber.csproj", "{16E9C30C-36FB-44CB-A5FF-4F0344CEEA5F}"
EndProject
Project("{FAE04EC0-301F-11D3-BF4B-00C04F79EFBC}") = "04-BackToThePast", "04-BackToThePast\04-BackToThePast.csproj", "{F2BC33F7-FF61-4141-BA4F-EB0041873539}"
EndProject
Project("{FAE04EC0-301F-11D3-BF4B-00C04F79EFBC}") = "03-MatchTickets", "03-MatchTickets\03-MatchTickets.csproj", "{2A96879A-4757-48A5-AB88-1E16B30DD1A0}"
EndProject
Project("{FAE04EC0-301F-11D3-BF4B-00C04F79EFBC}") = "01-Money", "01-Money\01-Money.csproj", "{C111E6A6-1A23-49BA-B76D-E119C74F27DD}"
EndProject
Project("{FAE04EC0-301F-11D3-BF4B-00C04F79EFBC}") = "02-Harvest", "02-Harvest\02-Harvest.csproj", "{719A8222-51FC-4B84-A4E4-BFA836ABB84B}"
EndProject
Project("{FAE04EC0-301F-11D3-BF4B-00C04F79EFBC}") = "05-Diamond", "05-Diamond\05-Diamond.csproj", "{22DC27B9-A28A-4254-9892-35CD8E338F88}"
EndProject
Global
	GlobalSection(SolutionConfigurationPlatforms) = preSolution
		Debug|Any CPU = Debug|Any CPU
		Release|Any CPU = Release|Any CPU
	EndGlobalSection
	GlobalSection(ProjectConfigurationPlatforms) = postSolution
		{16E9C30C-36FB-44CB-A5FF-4F0344CEEA5F}.Debug|Any CPU.ActiveCfg = Debug|Any CPU
		{16E9C30C-36FB-44CB-A5FF-4F0344CEEA5F}.Debug|Any CPU.Build.0 = Debug|Any CPU
		{16E9C30C-36FB-44CB-A5FF-4F0344CEEA5F}.Release|Any CPU.ActiveCfg = Release|Any CPU
		{16E9C30C-36FB-44CB-A5FF-4F0344CEEA5F}.Release|Any CPU.Build.0 = Release|Any CPU
		{F2BC33F7-FF61-4141-BA4F-EB0041873539}.Debug|Any CPU.ActiveCfg = Debug|Any CPU
		{F2BC33F7-FF61-4141-BA4F-EB0041873539}.Debug|Any CPU.Build.0 = Debug|Any CPU
		{F2BC33F7-FF61-4141-BA4F-EB0041873539}.Release|Any CPU.ActiveCfg = Release|Any CPU
		{F2BC33F7-FF61-4141-BA4F-EB0041873539}.Release|Any CPU.Build.0 = Release|Any CPU
		{2A96879A-4757-48A5-AB88-1E16B30DD1A0}.Debug|Any CPU.ActiveCfg = Debug|Any CPU
		{2A96879A-4757-48A5-AB88-1E16B30DD1A0}.Debug|Any CPU.Build.0 = Debug|Any CPU
		{2A96879A-4757-48A5-AB88-1E16B30DD1A0}.Release|Any CPU.ActiveCfg = Release|Any CPU
		{2A96879A-4757-48A5-AB88-1E16B30DD1A0}.Release|Any CPU.Build.0 = Release|Any CPU
		{C111E6A6-1A23-49BA-B76D-E119C74F27DD}.Debug|Any CPU.ActiveCfg = Debug|Any CPU
		{C111E6A6-1A23-49BA-B76D-E119C74F27DD}.Debug|Any CPU.Build.0 = Debug|Any CPU
		{C111E6A6-1A23-49BA-B76D-E119C74F27DD}.Release|Any CPU.ActiveCfg = Release|Any CPU
		{C111E6A6-1A23-49BA-B76D-E119C74F27DD}.Release|Any CPU.Build.0 = Release|Any CPU
		{719A8222-51FC-4B84-A4E4-BFA836ABB84B}.Debug|Any CPU.ActiveCfg = Debug|Any CPU
		{719A8222-51FC-4B84-A4E4-BFA836ABB84B}.Debug|Any CPU.Build.0 = Debug|Any CPU
		{719A8222-51FC-4B84-A4E4-BFA836ABB84B}.Release|Any CPU.ActiveCfg = Release|Any CPU
		{719A8222-51FC-4B84-A4E4-BFA836ABB84B}.Release|Any CPU.Build.0 = Release|Any CPU
		{22DC27B9-A28A-4254-9892-35CD8E338F88}.Debug|Any CPU.ActiveCfg = Debug|Any CPU
		{22DC27B9-A28A-4254-9892-35CD8E338F88}.Debug|Any CPU.Build.0 = Debug|Any CPU
		{22DC27B9-A28A-4254-9892-35CD8E338F88}.Release|Any CPU.ActiveCfg = Release|Any CPU
		{22DC27B9-A28A-4254-9892-35CD8E338F88}.Release|Any CPU.Build.0 = Release|Any CPU
	EndGlobalSection
	GlobalSection(SolutionProperties) = preSolution
		HideSolutionNode = FALSE
	EndGlobalSection
EndGlobal
