
Microsoft Visual Studio Solution File, Format Version 12.00
# Visual Studio 15
VisualStudioVersion = 15.0.26430.16
MinimumVisualStudioVersion = 10.0.40219.1
Project("{FAE04EC0-301F-11D3-BF4B-00C04F79EFBC}") = "01", "01\01.csproj", "{81ECC899-644E-426E-BBBA-DE4E2BB35149}"
EndProject
Project("{FAE04EC0-301F-11D3-BF4B-00C04F79EFBC}") = "02", "02\02.csproj", "{D640EFF4-C25F-415A-9821-31AE94BF73E6}"
EndProject
Project("{FAE04EC0-301F-11D3-BF4B-00C04F79EFBC}") = "02-2", "02-2\02-2.csproj", "{266A6000-FCE8-4521-80F2-FB276FAC1F8A}"
EndProject
Project("{FAE04EC0-301F-11D3-BF4B-00C04F79EFBC}") = "02-3", "02-3\02-3.csproj", "{3AFC6ED9-AF6F-4A4B-9674-327F611F4256}"
EndProject
Project("{FAE04EC0-301F-11D3-BF4B-00C04F79EFBC}") = "02-4", "02-4\02-4.csproj", "{9F17B16B-8666-4D27-B748-2D0184E78B6E}"
EndProject
Project("{FAE04EC0-301F-11D3-BF4B-00C04F79EFBC}") = "03", "03\03.csproj", "{D0A61A71-C3C1-489C-A522-E1756D00D0F1}"
EndProject
Project("{FAE04EC0-301F-11D3-BF4B-00C04F79EFBC}") = "04", "04\04.csproj", "{FC0535DC-CB30-42C6-8893-3C5F3C8609A7}"
EndProject
Project("{FAE04EC0-301F-11D3-BF4B-00C04F79EFBC}") = "04-2", "04-2\04-2.csproj", "{A76EF341-666C-4342-B6CA-48B097A4D93D}"
EndProject
Project("{FAE04EC0-301F-11D3-BF4B-00C04F79EFBC}") = "04-3", "04-3\04-3.csproj", "{71C132E7-016C-4AF5-AE16-EA0E4B83C0B5}"
EndProject
Global
	GlobalSection(SolutionConfigurationPlatforms) = preSolution
		Debug|Any CPU = Debug|Any CPU
		Release|Any CPU = Release|Any CPU
	EndGlobalSection
	GlobalSection(ProjectConfigurationPlatforms) = postSolution
		{81ECC899-644E-426E-BBBA-DE4E2BB35149}.Debug|Any CPU.ActiveCfg = Debug|Any CPU
		{81ECC899-644E-426E-BBBA-DE4E2BB35149}.Debug|Any CPU.Build.0 = Debug|Any CPU
		{81ECC899-644E-426E-BBBA-DE4E2BB35149}.Release|Any CPU.ActiveCfg = Release|Any CPU
		{81ECC899-644E-426E-BBBA-DE4E2BB35149}.Release|Any CPU.Build.0 = Release|Any CPU
		{D640EFF4-C25F-415A-9821-31AE94BF73E6}.Debug|Any CPU.ActiveCfg = Debug|Any CPU
		{D640EFF4-C25F-415A-9821-31AE94BF73E6}.Debug|Any CPU.Build.0 = Debug|Any CPU
		{D640EFF4-C25F-415A-9821-31AE94BF73E6}.Release|Any CPU.ActiveCfg = Release|Any CPU
		{D640EFF4-C25F-415A-9821-31AE94BF73E6}.Release|Any CPU.Build.0 = Release|Any CPU
		{266A6000-FCE8-4521-80F2-FB276FAC1F8A}.Debug|Any CPU.ActiveCfg = Debug|Any CPU
		{266A6000-FCE8-4521-80F2-FB276FAC1F8A}.Debug|Any CPU.Build.0 = Debug|Any CPU
		{266A6000-FCE8-4521-80F2-FB276FAC1F8A}.Release|Any CPU.ActiveCfg = Release|Any CPU
		{266A6000-FCE8-4521-80F2-FB276FAC1F8A}.Release|Any CPU.Build.0 = Release|Any CPU
		{3AFC6ED9-AF6F-4A4B-9674-327F611F4256}.Debug|Any CPU.ActiveCfg = Debug|Any CPU
		{3AFC6ED9-AF6F-4A4B-9674-327F611F4256}.Debug|Any CPU.Build.0 = Debug|Any CPU
		{3AFC6ED9-AF6F-4A4B-9674-327F611F4256}.Release|Any CPU.ActiveCfg = Release|Any CPU
		{3AFC6ED9-AF6F-4A4B-9674-327F611F4256}.Release|Any CPU.Build.0 = Release|Any CPU
		{9F17B16B-8666-4D27-B748-2D0184E78B6E}.Debug|Any CPU.ActiveCfg = Debug|Any CPU
		{9F17B16B-8666-4D27-B748-2D0184E78B6E}.Debug|Any CPU.Build.0 = Debug|Any CPU
		{9F17B16B-8666-4D27-B748-2D0184E78B6E}.Release|Any CPU.ActiveCfg = Release|Any CPU
		{9F17B16B-8666-4D27-B748-2D0184E78B6E}.Release|Any CPU.Build.0 = Release|Any CPU
		{D0A61A71-C3C1-489C-A522-E1756D00D0F1}.Debug|Any CPU.ActiveCfg = Debug|Any CPU
		{D0A61A71-C3C1-489C-A522-E1756D00D0F1}.Debug|Any CPU.Build.0 = Debug|Any CPU
		{D0A61A71-C3C1-489C-A522-E1756D00D0F1}.Release|Any CPU.ActiveCfg = Release|Any CPU
		{D0A61A71-C3C1-489C-A522-E1756D00D0F1}.Release|Any CPU.Build.0 = Release|Any CPU
		{FC0535DC-CB30-42C6-8893-3C5F3C8609A7}.Debug|Any CPU.ActiveCfg = Debug|Any CPU
		{FC0535DC-CB30-42C6-8893-3C5F3C8609A7}.Debug|Any CPU.Build.0 = Debug|Any CPU
		{FC0535DC-CB30-42C6-8893-3C5F3C8609A7}.Release|Any CPU.ActiveCfg = Release|Any CPU
		{FC0535DC-CB30-42C6-8893-3C5F3C8609A7}.Release|Any CPU.Build.0 = Release|Any CPU
		{A76EF341-666C-4342-B6CA-48B097A4D93D}.Debug|Any CPU.ActiveCfg = Debug|Any CPU
		{A76EF341-666C-4342-B6CA-48B097A4D93D}.Debug|Any CPU.Build.0 = Debug|Any CPU
		{A76EF341-666C-4342-B6CA-48B097A4D93D}.Release|Any CPU.ActiveCfg = Release|Any CPU
		{A76EF341-666C-4342-B6CA-48B097A4D93D}.Release|Any CPU.Build.0 = Release|Any CPU
		{71C132E7-016C-4AF5-AE16-EA0E4B83C0B5}.Debug|Any CPU.ActiveCfg = Debug|Any CPU
		{71C132E7-016C-4AF5-AE16-EA0E4B83C0B5}.Debug|Any CPU.Build.0 = Debug|Any CPU
		{71C132E7-016C-4AF5-AE16-EA0E4B83C0B5}.Release|Any CPU.ActiveCfg = Release|Any CPU
		{71C132E7-016C-4AF5-AE16-EA0E4B83C0B5}.Release|Any CPU.Build.0 = Release|Any CPU
	EndGlobalSection
	GlobalSection(SolutionProperties) = preSolution
		HideSolutionNode = FALSE
	EndGlobalSection
EndGlobal
